
Microsoft Visual Studio Solution File, Format Version 12.00
# Visual Studio Version 16
VisualStudioVersion = 16.0.30523.141
MinimumVisualStudioVersion = 10.0.40219.1
Project("{FAE04EC0-301F-11D3-BF4B-00C04F79EFBC}") = "Borc_Irina_Lab8", "Borc_Irina_Lab8.csproj", "{11C7A2EF-3D17-4C95-BF40-FD168B44F3B3}"
EndProject
Global
	GlobalSection(SolutionConfigurationPlatforms) = preSolution
		Debug|Any CPU = Debug|Any CPU
		Release|Any CPU = Release|Any CPU
	EndGlobalSection
	GlobalSection(ProjectConfigurationPlatforms) = postSolution
		{11C7A2EF-3D17-4C95-BF40-FD168B44F3B3}.Debug|Any CPU.ActiveCfg = Debug|Any CPU
		{11C7A2EF-3D17-4C95-BF40-FD168B44F3B3}.Debug|Any CPU.Build.0 = Debug|Any CPU
		{11C7A2EF-3D17-4C95-BF40-FD168B44F3B3}.Release|Any CPU.ActiveCfg = Release|Any CPU
		{11C7A2EF-3D17-4C95-BF40-FD168B44F3B3}.Release|Any CPU.Build.0 = Release|Any CPU
	EndGlobalSection
	GlobalSection(SolutionProperties) = preSolution
		HideSolutionNode = FALSE
	EndGlobalSection
	GlobalSection(ExtensibilityGlobals) = postSolution
		SolutionGuid = {BCF83BCD-7BC2-4814-9BFF-65ABA16ADAF8}
	EndGlobalSection
EndGlobal
